
Microsoft Visual Studio Solution File, Format Version 12.00
# Visual Studio Version 17
VisualStudioVersion = 17.0.31903.59
MinimumVisualStudioVersion = 10.0.40219.1
Project("{FAE04EC0-301F-11D3-BF4B-00C04F79EFBC}") = "JdSharp.Core", "JdSharp.Core\JdSharp.Core.csproj", "{4CF8526A-7137-4CB6-835A-77572DB94EA7}"
EndProject
Project("{FAE04EC0-301F-11D3-BF4B-00C04F79EFBC}") = "JdSharp.Runner", "JdSharp.Runner\JdSharp.Runner.csproj", "{9E05C7B0-FAA9-400D-875A-F8C0772EAB31}"
EndProject
Global
	GlobalSection(SolutionConfigurationPlatforms) = preSolution
		Debug|Any CPU = Debug|Any CPU
		Release|Any CPU = Release|Any CPU
	EndGlobalSection
	GlobalSection(SolutionProperties) = preSolution
		HideSolutionNode = FALSE
	EndGlobalSection
	GlobalSection(ProjectConfigurationPlatforms) = postSolution
		{4CF8526A-7137-4CB6-835A-77572DB94EA7}.Debug|Any CPU.ActiveCfg = Debug|Any CPU
		{4CF8526A-7137-4CB6-835A-77572DB94EA7}.Debug|Any CPU.Build.0 = Debug|Any CPU
		{4CF8526A-7137-4CB6-835A-77572DB94EA7}.Release|Any CPU.ActiveCfg = Release|Any CPU
		{4CF8526A-7137-4CB6-835A-77572DB94EA7}.Release|Any CPU.Build.0 = Release|Any CPU
		{9E05C7B0-FAA9-400D-875A-F8C0772EAB31}.Debug|Any CPU.ActiveCfg = Debug|Any CPU
		{9E05C7B0-FAA9-400D-875A-F8C0772EAB31}.Debug|Any CPU.Build.0 = Debug|Any CPU
		{9E05C7B0-FAA9-400D-875A-F8C0772EAB31}.Release|Any CPU.ActiveCfg = Release|Any CPU
		{9E05C7B0-FAA9-400D-875A-F8C0772EAB31}.Release|Any CPU.Build.0 = Release|Any CPU
	EndGlobalSection
EndGlobal
